// !$*UTF8*$!
{
	archiveVersion = 1;
	classes = {
	};
	objectVersion = 46;
	objects = {

/* Begin PBXBuildFile section */
		6156989619B6211C0095AABB /* Foundation.framework in Frameworks */ = {isa = PBXBuildFile; fileRef = 6156989519B6211C0095AABB /* Foundation.framework */; };
		6156989819B6211C0095AABB /* CoreGraphics.framework in Frameworks */ = {isa = PBXBuildFile; fileRef = 6156989719B6211C0095AABB /* CoreGraphics.framework */; };
		6156989A19B6211C0095AABB /* UIKit.framework in Frameworks */ = {isa = PBXBuildFile; fileRef = 6156989919B6211C0095AABB /* UIKit.framework */; };
		615698A019B6211C0095AABB /* InfoPlist.strings in Resources */ = {isa = PBXBuildFile; fileRef = 6156989E19B6211C0095AABB /* InfoPlist.strings */; };
		615698A219B6211C0095AABB /* main.m in Sources */ = {isa = PBXBuildFile; fileRef = 615698A119B6211C0095AABB /* main.m */; };
		615698A619B6211C0095AABB /* AIAppDelegate.m in Sources */ = {isa = PBXBuildFile; fileRef = 615698A519B6211C0095AABB /* AIAppDelegate.m */; };
		615698A819B6211C0095AABB /* Images.xcassets in Resources */ = {isa = PBXBuildFile; fileRef = 615698A719B6211C0095AABB /* Images.xcassets */; };
		615698AF19B6211C0095AABB /* XCTest.framework in Frameworks */ = {isa = PBXBuildFile; fileRef = 615698AE19B6211C0095AABB /* XCTest.framework */; };
		615698B019B6211C0095AABB /* Foundation.framework in Frameworks */ = {isa = PBXBuildFile; fileRef = 6156989519B6211C0095AABB /* Foundation.framework */; };
		615698B119B6211C0095AABB /* UIKit.framework in Frameworks */ = {isa = PBXBuildFile; fileRef = 6156989919B6211C0095AABB /* UIKit.framework */; };
		615698B919B6211C0095AABB /* InfoPlist.strings in Resources */ = {isa = PBXBuildFile; fileRef = 615698B719B6211C0095AABB /* InfoPlist.strings */; };
		615698C819B6214C0095AABB /* NSInvocation+AIConstructors.m in Sources */ = {isa = PBXBuildFile; fileRef = 615698C519B6214C0095AABB /* NSInvocation+AIConstructors.m */; };
		615698C919B6214C0095AABB /* AIObservable.m in Sources */ = {isa = PBXBuildFile; fileRef = 615698C719B6214C0095AABB /* AIObservable.m */; };
		615698CC19B628000095AABB /* AIObservableTests.m in Sources */ = {isa = PBXBuildFile; fileRef = 615698CA19B628000095AABB /* AIObservableTests.m */; };
		615698CD19B628000095AABB /* NSInvocation+AIConstructorsTests.m in Sources */ = {isa = PBXBuildFile; fileRef = 615698CB19B628000095AABB /* NSInvocation+AIConstructorsTests.m */; };
/* End PBXBuildFile section */

/* Begin PBXContainerItemProxy section */
		615698B219B6211C0095AABB /* PBXContainerItemProxy */ = {
			isa = PBXContainerItemProxy;
			containerPortal = 6156988A19B6211C0095AABB /* Project object */;
			proxyType = 1;
			remoteGlobalIDString = 6156989119B6211C0095AABB;
			remoteInfo = AIObservable;
		};
/* End PBXContainerItemProxy section */

/* Begin PBXFileReference section */
		6156989219B6211C0095AABB /* AIObservable.app */ = {isa = PBXFileReference; explicitFileType = wrapper.application; includeInIndex = 0; path = AIObservable.app; sourceTree = BUILT_PRODUCTS_DIR; };
		6156989519B6211C0095AABB /* Foundation.framework */ = {isa = PBXFileReference; lastKnownFileType = wrapper.framework; name = Foundation.framework; path = System/Library/Frameworks/Foundation.framework; sourceTree = SDKROOT; };
		6156989719B6211C0095AABB /* CoreGraphics.framework */ = {isa = PBXFileReference; lastKnownFileType = wrapper.framework; name = CoreGraphics.framework; path = System/Library/Frameworks/CoreGraphics.framework; sourceTree = SDKROOT; };
		6156989919B6211C0095AABB /* UIKit.framework */ = {isa = PBXFileReference; lastKnownFileType = wrapper.framework; name = UIKit.framework; path = System/Library/Frameworks/UIKit.framework; sourceTree = SDKROOT; };
		6156989D19B6211C0095AABB /* AIObservable-Info.plist */ = {isa = PBXFileReference; lastKnownFileType = text.plist.xml; path = "AIObservable-Info.plist"; sourceTree = "<group>"; };
		6156989F19B6211C0095AABB /* en */ = {isa = PBXFileReference; lastKnownFileType = text.plist.strings; name = en; path = en.lproj/InfoPlist.strings; sourceTree = "<group>"; };
		615698A119B6211C0095AABB /* main.m */ = {isa = PBXFileReference; lastKnownFileType = sourcecode.c.objc; path = main.m; sourceTree = "<group>"; };
		615698A319B6211C0095AABB /* AIObservable-Prefix.pch */ = {isa = PBXFileReference; lastKnownFileType = sourcecode.c.h; path = "AIObservable-Prefix.pch"; sourceTree = "<group>"; };
		615698A419B6211C0095AABB /* AIAppDelegate.h */ = {isa = PBXFileReference; lastKnownFileType = sourcecode.c.h; path = AIAppDelegate.h; sourceTree = "<group>"; };
		615698A519B6211C0095AABB /* AIAppDelegate.m */ = {isa = PBXFileReference; lastKnownFileType = sourcecode.c.objc; path = AIAppDelegate.m; sourceTree = "<group>"; };
		615698A719B6211C0095AABB /* Images.xcassets */ = {isa = PBXFileReference; lastKnownFileType = folder.assetcatalog; path = Images.xcassets; sourceTree = "<group>"; };
		615698AD19B6211C0095AABB /* AIObservableTests.xctest */ = {isa = PBXFileReference; explicitFileType = wrapper.cfbundle; includeInIndex = 0; path = AIObservableTests.xctest; sourceTree = BUILT_PRODUCTS_DIR; };
		615698AE19B6211C0095AABB /* XCTest.framework */ = {isa = PBXFileReference; lastKnownFileType = wrapper.framework; name = XCTest.framework; path = Library/Frameworks/XCTest.framework; sourceTree = DEVELOPER_DIR; };
		615698B619B6211C0095AABB /* AIObservableTests-Info.plist */ = {isa = PBXFileReference; lastKnownFileType = text.plist.xml; path = "AIObservableTests-Info.plist"; sourceTree = "<group>"; };
		615698B819B6211C0095AABB /* en */ = {isa = PBXFileReference; lastKnownFileType = text.plist.strings; name = en; path = en.lproj/InfoPlist.strings; sourceTree = "<group>"; };
		615698C419B6214C0095AABB /* NSInvocation+AIConstructors.h */ = {isa = PBXFileReference; fileEncoding = 4; lastKnownFileType = sourcecode.c.h; path = "NSInvocation+AIConstructors.h"; sourceTree = "<group>"; };
		615698C519B6214C0095AABB /* NSInvocation+AIConstructors.m */ = {isa = PBXFileReference; fileEncoding = 4; lastKnownFileType = sourcecode.c.objc; path = "NSInvocation+AIConstructors.m"; sourceTree = "<group>"; };
		615698C619B6214C0095AABB /* AIObservable.h */ = {isa = PBXFileReference; fileEncoding = 4; lastKnownFileType = sourcecode.c.h; path = AIObservable.h; sourceTree = "<group>"; };
		615698C719B6214C0095AABB /* AIObservable.m */ = {isa = PBXFileReference; fileEncoding = 4; lastKnownFileType = sourcecode.c.objc; path = AIObservable.m; sourceTree = "<group>"; };
		615698CA19B628000095AABB /* AIObservableTests.m */ = {isa = PBXFileReference; fileEncoding = 4; lastKnownFileType = sourcecode.c.objc; path = AIObservableTests.m; sourceTree = "<group>"; };
		615698CB19B628000095AABB /* NSInvocation+AIConstructorsTests.m */ = {isa = PBXFileReference; fileEncoding = 4; lastKnownFileType = sourcecode.c.objc; path = "NSInvocation+AIConstructorsTests.m"; sourceTree = "<group>"; };
		615698CE19B628130095AABB /* LICENSE */ = {isa = PBXFileReference; lastKnownFileType = text; path = LICENSE; sourceTree = "<group>"; };
/* End PBXFileReference section */

/* Begin PBXFrameworksBuildPhase section */
		6156988F19B6211C0095AABB /* Frameworks */ = {
			isa = PBXFrameworksBuildPhase;
			buildActionMask = 2147483647;
			files = (
				6156989819B6211C0095AABB /* CoreGraphics.framework in Frameworks */,
				6156989A19B6211C0095AABB /* UIKit.framework in Frameworks */,
				6156989619B6211C0095AABB /* Foundation.framework in Frameworks */,
			);
			runOnlyForDeploymentPostprocessing = 0;
		};
		615698AA19B6211C0095AABB /* Frameworks */ = {
			isa = PBXFrameworksBuildPhase;
			buildActionMask = 2147483647;
			files = (
				615698AF19B6211C0095AABB /* XCTest.framework in Frameworks */,
				615698B119B6211C0095AABB /* UIKit.framework in Frameworks */,
				615698B019B6211C0095AABB /* Foundation.framework in Frameworks */,
			);
			runOnlyForDeploymentPostprocessing = 0;
		};
/* End PBXFrameworksBuildPhase section */

/* Begin PBXGroup section */
		6156988919B6211C0095AABB = {
			isa = PBXGroup;
			children = (
				615698CE19B628130095AABB /* LICENSE */,
				615698C419B6214C0095AABB /* NSInvocation+AIConstructors.h */,
				615698C519B6214C0095AABB /* NSInvocation+AIConstructors.m */,
				615698C619B6214C0095AABB /* AIObservable.h */,
				615698C719B6214C0095AABB /* AIObservable.m */,
				6156989B19B6211C0095AABB /* AIObservable */,
				615698B419B6211C0095AABB /* AIObservableTests */,
				6156989419B6211C0095AABB /* Frameworks */,
				6156989319B6211C0095AABB /* Products */,
			);
			sourceTree = "<group>";
		};
		6156989319B6211C0095AABB /* Products */ = {
			isa = PBXGroup;
			children = (
				6156989219B6211C0095AABB /* AIObservable.app */,
				615698AD19B6211C0095AABB /* AIObservableTests.xctest */,
			);
			name = Products;
			sourceTree = "<group>";
		};
		6156989419B6211C0095AABB /* Frameworks */ = {
			isa = PBXGroup;
			children = (
				6156989519B6211C0095AABB /* Foundation.framework */,
				6156989719B6211C0095AABB /* CoreGraphics.framework */,
				6156989919B6211C0095AABB /* UIKit.framework */,
				615698AE19B6211C0095AABB /* XCTest.framework */,
			);
			name = Frameworks;
			sourceTree = "<group>";
		};
		6156989B19B6211C0095AABB /* AIObservable */ = {
			isa = PBXGroup;
			children = (
				615698A419B6211C0095AABB /* AIAppDelegate.h */,
				615698A519B6211C0095AABB /* AIAppDelegate.m */,
				615698A719B6211C0095AABB /* Images.xcassets */,
				6156989C19B6211C0095AABB /* Supporting Files */,
			);
			path = AIObservable;
			sourceTree = "<group>";
		};
		6156989C19B6211C0095AABB /* Supporting Files */ = {
			isa = PBXGroup;
			children = (
				6156989D19B6211C0095AABB /* AIObservable-Info.plist */,
				6156989E19B6211C0095AABB /* InfoPlist.strings */,
				615698A119B6211C0095AABB /* main.m */,
				615698A319B6211C0095AABB /* AIObservable-Prefix.pch */,
			);
			name = "Supporting Files";
			sourceTree = "<group>";
		};
		615698B419B6211C0095AABB /* AIObservableTests */ = {
			isa = PBXGroup;
			children = (
				615698CA19B628000095AABB /* AIObservableTests.m */,
				615698CB19B628000095AABB /* NSInvocation+AIConstructorsTests.m */,
				615698B519B6211C0095AABB /* Supporting Files */,
			);
			path = AIObservableTests;
			sourceTree = "<group>";
		};
		615698B519B6211C0095AABB /* Supporting Files */ = {
			isa = PBXGroup;
			children = (
				615698B619B6211C0095AABB /* AIObservableTests-Info.plist */,
				615698B719B6211C0095AABB /* InfoPlist.strings */,
			);
			name = "Supporting Files";
			sourceTree = "<group>";
		};
/* End PBXGroup section */

/* Begin PBXNativeTarget section */
		6156989119B6211C0095AABB /* AIObservable */ = {
			isa = PBXNativeTarget;
			buildConfigurationList = 615698BE19B6211C0095AABB /* Build configuration list for PBXNativeTarget "AIObservable" */;
			buildPhases = (
				6156988E19B6211C0095AABB /* Sources */,
				6156988F19B6211C0095AABB /* Frameworks */,
				6156989019B6211C0095AABB /* Resources */,
			);
			buildRules = (
			);
			dependencies = (
			);
			name = AIObservable;
			productName = AIObservable;
			productReference = 6156989219B6211C0095AABB /* AIObservable.app */;
			productType = "com.apple.product-type.application";
		};
		615698AC19B6211C0095AABB /* AIObservableTests */ = {
			isa = PBXNativeTarget;
			buildConfigurationList = 615698C119B6211C0095AABB /* Build configuration list for PBXNativeTarget "AIObservableTests" */;
			buildPhases = (
				615698A919B6211C0095AABB /* Sources */,
				615698AA19B6211C0095AABB /* Frameworks */,
				615698AB19B6211C0095AABB /* Resources */,
			);
			buildRules = (
			);
			dependencies = (
				615698B319B6211C0095AABB /* PBXTargetDependency */,
			);
			name = AIObservableTests;
			productName = AIObservableTests;
			productReference = 615698AD19B6211C0095AABB /* AIObservableTests.xctest */;
			productType = "com.apple.product-type.bundle.unit-test";
		};
/* End PBXNativeTarget section */

/* Begin PBXProject section */
		6156988A19B6211C0095AABB /* Project object */ = {
			isa = PBXProject;
			attributes = {
				CLASSPREFIX = AI;
				LastUpgradeCheck = 0510;
				ORGANIZATIONNAME = "Alejandro Isaza";
				TargetAttributes = {
					615698AC19B6211C0095AABB = {
						TestTargetID = 6156989119B6211C0095AABB;
					};
				};
			};
			buildConfigurationList = 6156988D19B6211C0095AABB /* Build configuration list for PBXProject "AIObservable" */;
			compatibilityVersion = "Xcode 3.2";
			developmentRegion = English;
			hasScannedForEncodings = 0;
			knownRegions = (
				en,
			);
			mainGroup = 6156988919B6211C0095AABB;
			productRefGroup = 6156989319B6211C0095AABB /* Products */;
			projectDirPath = "";
			projectRoot = "";
			targets = (
				6156989119B6211C0095AABB /* AIObservable */,
				615698AC19B6211C0095AABB /* AIObservableTests */,
			);
		};
/* End PBXProject section */

/* Begin PBXResourcesBuildPhase section */
		6156989019B6211C0095AABB /* Resources */ = {
			isa = PBXResourcesBuildPhase;
			buildActionMask = 2147483647;
			files = (
				615698A019B6211C0095AABB /* InfoPlist.strings in Resources */,
				615698A819B6211C0095AABB /* Images.xcassets in Resources */,
			);
			runOnlyForDeploymentPostprocessing = 0;
		};
		615698AB19B6211C0095AABB /* Resources */ = {
			isa = PBXResourcesBuildPhase;
			buildActionMask = 2147483647;
			files = (
				615698B919B6211C0095AABB /* InfoPlist.strings in Resources */,
			);
			runOnlyForDeploymentPostprocessing = 0;
		};
/* End PBXResourcesBuildPhase section */

/* Begin PBXSourcesBuildPhase section */
		6156988E19B6211C0095AABB /* Sources */ = {
			isa = PBXSourcesBuildPhase;
			buildActionMask = 2147483647;
			files = (
				615698C919B6214C0095AABB /* AIObservable.m in Sources */,
				615698A619B6211C0095AABB /* AIAppDelegate.m in Sources */,
				615698C819B6214C0095AABB /* NSInvocation+AIConstructors.m in Sources */,
				615698A219B6211C0095AABB /* main.m in Sources */,
			);
			runOnlyForDeploymentPostprocessing = 0;
		};
		615698A919B6211C0095AABB /* Sources */ = {
			isa = PBXSourcesBuildPhase;
			buildActionMask = 2147483647;
			files = (
				615698CC19B628000095AABB /* AIObservableTests.m in Sources */,
				615698CD19B628000095AABB /* NSInvocation+AIConstructorsTests.m in Sources */,
			);
			runOnlyForDeploymentPostprocessing = 0;
		};
/* End PBXSourcesBuildPhase section */

/* Begin PBXTargetDependency section */
		615698B319B6211C0095AABB /* PBXTargetDependency */ = {
			isa = PBXTargetDependency;
			target = 6156989119B6211C0095AABB /* AIObservable */;
			targetProxy = 615698B219B6211C0095AABB /* PBXContainerItemProxy */;
		};
/* End PBXTargetDependency section */

/* Begin PBXVariantGroup section */
		6156989E19B6211C0095AABB /* InfoPlist.strings */ = {
			isa = PBXVariantGroup;
			children = (
				6156989F19B6211C0095AABB /* en */,
			);
			name = InfoPlist.strings;
			sourceTree = "<group>";
		};
		615698B719B6211C0095AABB /* InfoPlist.strings */ = {
			isa = PBXVariantGroup;
			children = (
				615698B819B6211C0095AABB /* en */,
			);
			name = InfoPlist.strings;
			sourceTree = "<group>";
		};
/* End PBXVariantGroup section */

/* Begin XCBuildConfiguration section */
		615698BC19B6211C0095AABB /* Debug */ = {
			isa = XCBuildConfiguration;
			buildSettings = {
				ALWAYS_SEARCH_USER_PATHS = NO;
				CLANG_CXX_LANGUAGE_STANDARD = "gnu++0x";
				CLANG_CXX_LIBRARY = "libc++";
				CLANG_ENABLE_MODULES = YES;
				CLANG_ENABLE_OBJC_ARC = YES;
				CLANG_WARN_BOOL_CONVERSION = YES;
				CLANG_WARN_CONSTANT_CONVERSION = YES;
				CLANG_WARN_DIRECT_OBJC_ISA_USAGE = YES_ERROR;
				CLANG_WARN_EMPTY_BODY = YES;
				CLANG_WARN_ENUM_CONVERSION = YES;
				CLANG_WARN_INT_CONVERSION = YES;
				CLANG_WARN_OBJC_ROOT_CLASS = YES_ERROR;
				CLANG_WARN__DUPLICATE_METHOD_MATCH = YES;
				"CODE_SIGN_IDENTITY[sdk=iphoneos*]" = "iPhone Developer";
				COPY_PHASE_STRIP = NO;
				GCC_C_LANGUAGE_STANDARD = gnu99;
				GCC_DYNAMIC_NO_PIC = NO;
				GCC_OPTIMIZATION_LEVEL = 0;
				GCC_PREPROCESSOR_DEFINITIONS = (
					"DEBUG=1",
					"$(inherited)",
				);
				GCC_SYMBOLS_PRIVATE_EXTERN = NO;
				GCC_WARN_64_TO_32_BIT_CONVERSION = YES;
				GCC_WARN_ABOUT_RETURN_TYPE = YES_ERROR;
				GCC_WARN_UNDECLARED_SELECTOR = YES;
				GCC_WARN_UNINITIALIZED_AUTOS = YES_AGGRESSIVE;
				GCC_WARN_UNUSED_FUNCTION = YES;
				GCC_WARN_UNUSED_VARIABLE = YES;
				IPHONEOS_DEPLOYMENT_TARGET = 7.1;
				ONLY_ACTIVE_ARCH = YES;
				SDKROOT = iphoneos;
			};
			name = Debug;
		};
		615698BD19B6211C0095AABB /* Release */ = {
			isa = XCBuildConfiguration;
			buildSettings = {
				ALWAYS_SEARCH_USER_PATHS = NO;
				CLANG_CXX_LANGUAGE_STANDARD = "gnu++0x";
				CLANG_CXX_LIBRARY = "libc++";
				CLANG_ENABLE_MODULES = YES;
				CLANG_ENABLE_OBJC_ARC = YES;
				CLANG_WARN_BOOL_CONVERSION = YES;
				CLANG_WARN_CONSTANT_CONVERSION = YES;
				CLANG_WARN_DIRECT_OBJC_ISA_USAGE = YES_ERROR;
				CLANG_WARN_EMPTY_BODY = YES;
				CLANG_WARN_ENUM_CONVERSION = YES;
				CLANG_WARN_INT_CONVERSION = YES;
				CLANG_WARN_OBJC_ROOT_CLASS = YES_ERROR;
				CLANG_WARN__DUPLICATE_METHOD_MATCH = YES;
				"CODE_SIGN_IDENTITY[sdk=iphoneos*]" = "iPhone Developer";
				COPY_PHASE_STRIP = YES;
				ENABLE_NS_ASSERTIONS = NO;
				GCC_C_LANGUAGE_STANDARD = gnu99;
				GCC_WARN_64_TO_32_BIT_CONVERSION = YES;
				GCC_WARN_ABOUT_RETURN_TYPE = YES_ERROR;
				GCC_WARN_UNDECLARED_SELECTOR = YES;
				GCC_WARN_UNINITIALIZED_AUTOS = YES_AGGRESSIVE;
				GCC_WARN_UNUSED_FUNCTION = YES;
				GCC_WARN_UNUSED_VARIABLE = YES;
				IPHONEOS_DEPLOYMENT_TARGET = 7.1;
				SDKROOT = iphoneos;
				VALIDATE_PRODUCT = YES;
			};
			name = Release;
		};
		615698BF19B6211C0095AABB /* Debug */ = {
			isa = XCBuildConfiguration;
			buildSettings = {
				ASSETCATALOG_COMPILER_APPICON_NAME = AppIcon;
				ASSETCATALOG_COMPILER_LAUNCHIMAGE_NAME = LaunchImage;
				GCC_PRECOMPILE_PREFIX_HEADER = YES;
				GCC_PREFIX_HEADER = "AIObservable/AIObservable-Prefix.pch";
				INFOPLIST_FILE = "AIObservable/AIObservable-Info.plist";
				PRODUCT_NAME = "$(TARGET_NAME)";
				WRAPPER_EXTENSION = app;
			};
			name = Debug;
		};
		615698C019B6211C0095AABB /* Release */ = {
			isa = XCBuildConfiguration;
			buildSettings = {
				ASSETCATALOG_COMPILER_APPICON_NAME = AppIcon;
				ASSETCATALOG_COMPILER_LAUNCHIMAGE_NAME = LaunchImage;
				GCC_PRECOMPILE_PREFIX_HEADER = YES;
				GCC_PREFIX_HEADER = "AIObservable/AIObservable-Prefix.pch";
				INFOPLIST_FILE = "AIObservable/AIObservable-Info.plist";
				PRODUCT_NAME = "$(TARGET_NAME)";
				WRAPPER_EXTENSION = app;
			};
			name = Release;
		};
		615698C219B6211C0095AABB /* Debug */ = {
			isa = XCBuildConfiguration;
			buildSettings = {
				BUNDLE_LOADER = "$(BUILT_PRODUCTS_DIR)/AIObservable.app/AIObservable";
				FRAMEWORK_SEARCH_PATHS = (
					"$(SDKROOT)/Developer/Library/Frameworks",
					"$(inherited)",
					"$(DEVELOPER_FRAMEWORKS_DIR)",
				);
				GCC_PRECOMPILE_PREFIX_HEADER = YES;
				GCC_PREFIX_HEADER = "AIObservable/AIObservable-Prefix.pch";
				GCC_PREPROCESSOR_DEFINITIONS = (
					"DEBUG=1",
					"$(inherited)",
				);
				INFOPLIST_FILE = "AIObservableTests/AIObservableTests-Info.plist";
				PRODUCT_NAME = "$(TARGET_NAME)";
				TEST_HOST = "$(BUNDLE_LOADER)";
				WRAPPER_EXTENSION = xctest;
			};
			name = Debug;
		};
		615698C319B6211C0095AABB /* Release */ = {
			isa = XCBuildConfiguration;
			buildSettings = {
				BUNDLE_LOADER = "$(BUILT_PRODUCTS_DIR)/AIObservable.app/AIObservable";
				FRAMEWORK_SEARCH_PATHS = (
					"$(SDKROOT)/Developer/Library/Frameworks",
					"$(inherited)",
					"$(DEVELOPER_FRAMEWORKS_DIR)",
				);
				GCC_PRECOMPILE_PREFIX_HEADER = YES;
				GCC_PREFIX_HEADER = "AIObservable/AIObservable-Prefix.pch";
				INFOPLIST_FILE = "AIObservableTests/AIObservableTests-Info.plist";
				PRODUCT_NAME = "$(TARGET_NAME)";
				TEST_HOST = "$(BUNDLE_LOADER)";
				WRAPPER_EXTENSION = xctest;
			};
			name = Release;
		};
/* End XCBuildConfiguration section */

/* Begin XCConfigurationList section */
		6156988D19B6211C0095AABB /* Build configuration list for PBXProject "AIObservable" */ = {
			isa = XCConfigurationList;
			buildConfigurations = (
				615698BC19B6211C0095AABB /* Debug */,
				615698BD19B6211C0095AABB /* Release */,
			);
			defaultConfigurationIsVisible = 0;
			defaultConfigurationName = Release;
		};
		615698BE19B6211C0095AABB /* Build configuration list for PBXNativeTarget "AIObservable" */ = {
			isa = XCConfigurationList;
			buildConfigurations = (
				615698BF19B6211C0095AABB /* Debug */,
				615698C019B6211C0095AABB /* Release */,
			);
			defaultConfigurationIsVisible = 0;
		};
		615698C119B6211C0095AABB /* Build configuration list for PBXNativeTarget "AIObservableTests" */ = {
			isa = XCConfigurationList;
			buildConfigurations = (
				615698C219B6211C0095AABB /* Debug */,
				615698C319B6211C0095AABB /* Release */,
			);
			defaultConfigurationIsVisible = 0;
		};
/* End XCConfigurationList section */
	};
	rootObject = 6156988A19B6211C0095AABB /* Project object */;
}
